
Microsoft Visual Studio Solution File, Format Version 12.00
# Visual Studio Version 17
VisualStudioVersion = 17.5.002.0
MinimumVisualStudioVersion = 10.0.40219.1
Project("{9A19103F-16F7-4668-BE54-9A1E7A4F7556}") = "NutriTrackMVCApp", "NutriTrackMVCApp\NutriTrackMVCApp.csproj", "{351286C0-5A2F-4515-85E1-2E4C6E7BA90D}"
EndProject
Project("{2150E333-8FDC-42A3-9474-1A3956D46DE8}") = "NutriTrackReactApp", "NutriTrackReactApp", "{91625C20-DCBF-47EA-95BE-682B0B8DAA3A}"
EndProject
Project("{9A19103F-16F7-4668-BE54-9A1E7A4F7556}") = "NutriTrackAPI", "NutriTrackReactApp\NutriTrackAPI\NutriTrackAPI.csproj", "{97F2E397-2BEE-4BC7-BF5C-C9A68686C59C}"
EndProject
Global
	GlobalSection(SolutionConfigurationPlatforms) = preSolution
		Debug|Any CPU = Debug|Any CPU
		Release|Any CPU = Release|Any CPU
	EndGlobalSection
	GlobalSection(ProjectConfigurationPlatforms) = postSolution
		{351286C0-5A2F-4515-85E1-2E4C6E7BA90D}.Debug|Any CPU.ActiveCfg = Debug|Any CPU
		{351286C0-5A2F-4515-85E1-2E4C6E7BA90D}.Debug|Any CPU.Build.0 = Debug|Any CPU
		{351286C0-5A2F-4515-85E1-2E4C6E7BA90D}.Release|Any CPU.ActiveCfg = Release|Any CPU
		{351286C0-5A2F-4515-85E1-2E4C6E7BA90D}.Release|Any CPU.Build.0 = Release|Any CPU
		{97F2E397-2BEE-4BC7-BF5C-C9A68686C59C}.Debug|Any CPU.ActiveCfg = Debug|Any CPU
		{97F2E397-2BEE-4BC7-BF5C-C9A68686C59C}.Debug|Any CPU.Build.0 = Debug|Any CPU
		{97F2E397-2BEE-4BC7-BF5C-C9A68686C59C}.Release|Any CPU.ActiveCfg = Release|Any CPU
		{97F2E397-2BEE-4BC7-BF5C-C9A68686C59C}.Release|Any CPU.Build.0 = Release|Any CPU
	EndGlobalSection
	GlobalSection(SolutionProperties) = preSolution
		HideSolutionNode = FALSE
	EndGlobalSection
	GlobalSection(NestedProjects) = preSolution
		{97F2E397-2BEE-4BC7-BF5C-C9A68686C59C} = {91625C20-DCBF-47EA-95BE-682B0B8DAA3A}
	EndGlobalSection
	GlobalSection(ExtensibilityGlobals) = postSolution
		SolutionGuid = {F7CE9564-E63E-40FB-B76C-4D6A36EE8BFB}
	EndGlobalSection
EndGlobal
